Microsoft Visual Studio Solution File, Format Version 12.00
# Visual Studio Version 17
VisualStudioVersion = 17.5.2.0
MinimumVisualStudioVersion = 10.0.40219.1
Project("{FAE04EC0-301F-11D3-BF4B-00C04F79EFBC}") = "pets-owners-api-sql", "pets-owners-api-sql.csproj", "{109429CE-9437-6B8B-CED0-7B00F37E823C}"
EndProject
Global
	GlobalSection(SolutionConfigurationPlatforms) = preSolution
		Debug|Any CPU = Debug|Any CPU
		Release|Any CPU = Release|Any CPU
	EndGlobalSection
	GlobalSection(ProjectConfigurationPlatforms) = postSolution
		{109429CE-9437-6B8B-CED0-7B00F37E823C}.Debug|Any CPU.ActiveCfg = Debug|Any CPU
		{109429CE-9437-6B8B-CED0-7B00F37E823C}.Debug|Any CPU.Build.0 = Debug|Any CPU
		{109429CE-9437-6B8B-CED0-7B00F37E823C}.Release|Any CPU.ActiveCfg = Release|Any CPU
		{109429CE-9437-6B8B-CED0-7B00F37E823C}.Release|Any CPU.Build.0 = Release|Any CPU
	EndGlobalSection
	GlobalSection(SolutionProperties) = preSolution
		HideSolutionNode = FALSE
	EndGlobalSection
	GlobalSection(ExtensibilityGlobals) = postSolution
		SolutionGuid = {A4CAF997-B0CB-485B-A98E-34C9C29F56A1}
	EndGlobalSection
EndGlobal
